
Microsoft Visual Studio Solution File, Format Version 12.00
# Visual Studio Version 17
VisualStudioVersion = 17.3.32901.215
MinimumVisualStudioVersion = 10.0.40219.1
Project("{8BC9CEB8-8B4A-11D0-8D11-00A0C91BC942}") = "knightstour", "knightstour\knightstour.vcxproj", "{74961C0F-ACEB-403B-A27F-7BF1236CE89C}"
EndProject
Global
	GlobalSection(SolutionConfigurationPlatforms) = preSolution
		Debug|x64 = Debug|x64
		Debug|x86 = Debug|x86
		Release|x64 = Release|x64
		Release|x86 = Release|x86
	EndGlobalSection
	GlobalSection(ProjectConfigurationPlatforms) = postSolution
		{74961C0F-ACEB-403B-A27F-7BF1236CE89C}.Debug|x64.ActiveCfg = Debug|x64
		{74961C0F-ACEB-403B-A27F-7BF1236CE89C}.Debug|x64.Build.0 = Debug|x64
		{74961C0F-ACEB-403B-A27F-7BF1236CE89C}.Debug|x86.ActiveCfg = Debug|Win32
		{74961C0F-ACEB-403B-A27F-7BF1236CE89C}.Debug|x86.Build.0 = Debug|Win32
		{74961C0F-ACEB-403B-A27F-7BF1236CE89C}.Release|x64.ActiveCfg = Release|x64
		{74961C0F-ACEB-403B-A27F-7BF1236CE89C}.Release|x64.Build.0 = Release|x64
		{74961C0F-ACEB-403B-A27F-7BF1236CE89C}.Release|x86.ActiveCfg = Release|Win32
		{74961C0F-ACEB-403B-A27F-7BF1236CE89C}.Release|x86.Build.0 = Release|Win32
	EndGlobalSection
	GlobalSection(SolutionProperties) = preSolution
		HideSolutionNode = FALSE
	EndGlobalSection
	GlobalSection(ExtensibilityGlobals) = postSolution
		SolutionGuid = {2E0B2341-9121-4BA1-981A-F96381D46342}
	EndGlobalSection
EndGlobal
